# @generated - this file is auto-generated by `mise lock` https://mise.jdx.dev/dev-tools/mise-lock.html

lockfile_version = 1

[[tools.mr-boxington]]
version = "1.19.0"
backend = "packslip:github.com/jdx/mr-boxington"
specifiers = ["1.19.0"]

[tools.mr-boxington."platforms.macos-arm64"]
checksum = "sha256:dbaad252f9a483be80f6d00ad315f4957d8f9b9d19213ca05171b25a8dba6748"
url = "https://github.com/jdx/mr-boxington/releases/download/v1.19.0/mbx-aarch64-apple-darwin.tar.gz"
signer = "sigstore-oidc:https://github.com/jdx/mr-boxington/.github/workflows/release.yml"

[[tools.rust]]
version = "1.95.0"
backend = "core:rust"
specifiers = ["1.95.0"]
